
Microsoft Visual Studio Solution File, Format Version 12.00
# Visual Studio Version 17
VisualStudioVersion = 17.11.35208.52
MinimumVisualStudioVersion = 10.0.40219.1
Project("{FAE04EC0-301F-11D3-BF4B-00C04F79EFBC}") = "calculadora", "calculadora\calculadora.csproj", "{E2FAD0E1-068A-42C2-A5C5-CE43A6BE2832}"
EndProject
Global
	GlobalSection(SolutionConfigurationPlatforms) = preSolution
		Debug|Any CPU = Debug|Any CPU
		Release|Any CPU = Release|Any CPU
	EndGlobalSection
	GlobalSection(ProjectConfigurationPlatforms) = postSolution
		{E2FAD0E1-068A-42C2-A5C5-CE43A6BE2832}.Debug|Any CPU.ActiveCfg = Debug|Any CPU
		{E2FAD0E1-068A-42C2-A5C5-CE43A6BE2832}.Debug|Any CPU.Build.0 = Debug|Any CPU
		{E2FAD0E1-068A-42C2-A5C5-CE43A6BE2832}.Release|Any CPU.ActiveCfg = Release|Any CPU
		{E2FAD0E1-068A-42C2-A5C5-CE43A6BE2832}.Release|Any CPU.Build.0 = Release|Any CPU
	EndGlobalSection
	GlobalSection(SolutionProperties) = preSolution
		HideSolutionNode = FALSE
	EndGlobalSection
	GlobalSection(ExtensibilityGlobals) = postSolution
		SolutionGuid = {6912BF00-A0C7-4C22-968B-CCD6232B95AC}
	EndGlobalSection
EndGlobal
